
Microsoft Visual Studio Solution File, Format Version 12.00
# Visual Studio Version 17
VisualStudioVersion = 17.7.34031.279
MinimumVisualStudioVersion = 10.0.40219.1
Project("{FAE04EC0-301F-11D3-BF4B-00C04F79EFBC}") = "CalculatorLab7", "CalculatorLab7\CalculatorLab7.csproj", "{7F252560-2834-4358-A5EB-FD7C5B1C06D9}"
EndProject
Global
	GlobalSection(SolutionConfigurationPlatforms) = preSolution
		Debug|Any CPU = Debug|Any CPU
		Release|Any CPU = Release|Any CPU
	EndGlobalSection
	GlobalSection(ProjectConfigurationPlatforms) = postSolution
		{7F252560-2834-4358-A5EB-FD7C5B1C06D9}.Debug|Any CPU.ActiveCfg = Debug|Any CPU
		{7F252560-2834-4358-A5EB-FD7C5B1C06D9}.Debug|Any CPU.Build.0 = Debug|Any CPU
		{7F252560-2834-4358-A5EB-FD7C5B1C06D9}.Release|Any CPU.ActiveCfg = Release|Any CPU
		{7F252560-2834-4358-A5EB-FD7C5B1C06D9}.Release|Any CPU.Build.0 = Release|Any CPU
	EndGlobalSection
	GlobalSection(SolutionProperties) = preSolution
		HideSolutionNode = FALSE
	EndGlobalSection
	GlobalSection(ExtensibilityGlobals) = postSolution
		SolutionGuid = {C87450E4-376A-436C-961C-F099314EA1E5}
	EndGlobalSection
EndGlobal
